
Microsoft Visual Studio Solution File, Format Version 12.00
# Visual Studio Version 17
VisualStudioVersion = 17.5.002.0
MinimumVisualStudioVersion = 10.0.40219.1
Project("{9A19103F-16F7-4668-BE54-9A1E7A4F7556}") = "Tempo", "Tempo.csproj", "{4195C358-2591-49DF-B0D6-CC48D641E821}"
EndProject
Global
	GlobalSection(SolutionConfigurationPlatforms) = preSolution
		Debug|Any CPU = Debug|Any CPU
		Release|Any CPU = Release|Any CPU
	EndGlobalSection
	GlobalSection(ProjectConfigurationPlatforms) = postSolution
		{4195C358-2591-49DF-B0D6-CC48D641E821}.Debug|Any CPU.ActiveCfg = Debug|Any CPU
		{4195C358-2591-49DF-B0D6-CC48D641E821}.Debug|Any CPU.Build.0 = Debug|Any CPU
		{4195C358-2591-49DF-B0D6-CC48D641E821}.Release|Any CPU.ActiveCfg = Release|Any CPU
		{4195C358-2591-49DF-B0D6-CC48D641E821}.Release|Any CPU.Build.0 = Release|Any CPU
	EndGlobalSection
	GlobalSection(SolutionProperties) = preSolution
		HideSolutionNode = FALSE
	EndGlobalSection
	GlobalSection(ExtensibilityGlobals) = postSolution
		SolutionGuid = {538D763A-A71F-42B8-829C-A831D85D2B28}
	EndGlobalSection
EndGlobal
